
Microsoft Visual Studio Solution File, Format Version 12.00
# Visual Studio Version 17
VisualStudioVersion = 17.7.34031.279
MinimumVisualStudioVersion = 10.0.40219.1
Project("{8BC9CEB8-8B4A-11D0-8D11-00A0C91BC942}") = "TP MISE EN ROUTE 2", "TP MISE EN ROUTE 2\TP MISE EN ROUTE 2.vcxproj", "{5C18602A-9729-4C57-BA04-4092BB1A452A}"
EndProject
Global
	GlobalSection(SolutionConfigurationPlatforms) = preSolution
		Debug|x64 = Debug|x64
		Release|x64 = Release|x64
	EndGlobalSection
	GlobalSection(ProjectConfigurationPlatforms) = postSolution
		{5C18602A-9729-4C57-BA04-4092BB1A452A}.Debug|x64.ActiveCfg = Debug|x64
		{5C18602A-9729-4C57-BA04-4092BB1A452A}.Debug|x64.Build.0 = Debug|x64
		{5C18602A-9729-4C57-BA04-4092BB1A452A}.Release|x64.ActiveCfg = Release|x64
		{5C18602A-9729-4C57-BA04-4092BB1A452A}.Release|x64.Build.0 = Release|x64
	EndGlobalSection
	GlobalSection(SolutionProperties) = preSolution
		HideSolutionNode = FALSE
	EndGlobalSection
	GlobalSection(ExtensibilityGlobals) = postSolution
		SolutionGuid = {0A39B481-AED6-42EF-94CE-42BB08866E36}
	EndGlobalSection
EndGlobal
